{
  "requires": true,
  "lockfileVersion": 1,
  "dependencies": {
    "04-librerias": {
      "version": "2.0.0",
      "resolved": "https://registry.npmjs.org/04-librerias/-/04-librerias-2.0.0.tgz",
      "integrity": "sha512-srAoeQ+fj+iuASlYCIQgmN10Dio4FlhoIy91LrWc2P2x8IPqWwHTP/UI2VYpkTGLL1aA1EtMvONcHJjx6Ifg6Q=="
    }
  }
}
